
Microsoft Visual Studio Solution File, Format Version 12.00
# Visual Studio Version 17
VisualStudioVersion = 17.2.32516.85
MinimumVisualStudioVersion = 10.0.40219.1
Project("{FAE04EC0-301F-11D3-BF4B-00C04F79EFBC}") = "FirstCrud", "FirstCrud\FirstCrud.csproj", "{F58731F2-1AC6-4A05-9A6B-96B8A317DAC3}"
EndProject
Global
	GlobalSection(SolutionConfigurationPlatforms) = preSolution
		Debug|Any CPU = Debug|Any CPU
		Release|Any CPU = Release|Any CPU
	EndGlobalSection
	GlobalSection(ProjectConfigurationPlatforms) = postSolution
		{F58731F2-1AC6-4A05-9A6B-96B8A317DAC3}.Debug|Any CPU.ActiveCfg = Debug|Any CPU
		{F58731F2-1AC6-4A05-9A6B-96B8A317DAC3}.Debug|Any CPU.Build.0 = Debug|Any CPU
		{F58731F2-1AC6-4A05-9A6B-96B8A317DAC3}.Release|Any CPU.ActiveCfg = Release|Any CPU
		{F58731F2-1AC6-4A05-9A6B-96B8A317DAC3}.Release|Any CPU.Build.0 = Release|Any CPU
	EndGlobalSection
	GlobalSection(SolutionProperties) = preSolution
		HideSolutionNode = FALSE
	EndGlobalSection
	GlobalSection(ExtensibilityGlobals) = postSolution
		SolutionGuid = {D034224A-22E2-4FC3-9F22-95029DBB2ABB}
	EndGlobalSection
EndGlobal
